
Microsoft Visual Studio Solution File, Format Version 12.00
# Visual Studio Version 17
VisualStudioVersion = 17.11.35219.272
MinimumVisualStudioVersion = 10.0.40219.1
Project("{FAE04EC0-301F-11D3-BF4B-00C04F79EFBC}") = "Merge_Sort", "Merge_Sort\Merge_Sort.csproj", "{8E23EFE2-B448-4501-983E-C1D899F4C4E2}"
EndProject
Global
	GlobalSection(SolutionConfigurationPlatforms) = preSolution
		Debug|Any CPU = Debug|Any CPU
		Release|Any CPU = Release|Any CPU
	EndGlobalSection
	GlobalSection(ProjectConfigurationPlatforms) = postSolution
		{8E23EFE2-B448-4501-983E-C1D899F4C4E2}.Debug|Any CPU.ActiveCfg = Debug|Any CPU
		{8E23EFE2-B448-4501-983E-C1D899F4C4E2}.Debug|Any CPU.Build.0 = Debug|Any CPU
		{8E23EFE2-B448-4501-983E-C1D899F4C4E2}.Release|Any CPU.ActiveCfg = Release|Any CPU
		{8E23EFE2-B448-4501-983E-C1D899F4C4E2}.Release|Any CPU.Build.0 = Release|Any CPU
	EndGlobalSection
	GlobalSection(SolutionProperties) = preSolution
		HideSolutionNode = FALSE
	EndGlobalSection
	GlobalSection(ExtensibilityGlobals) = postSolution
		SolutionGuid = {EA7277C9-A1D4-414F-840C-109F7148AF8C}
	EndGlobalSection
EndGlobal
